// !$*UTF8*$!
{
	archiveVersion = 1;
	classes = {
	};
	objectVersion = 46;
	objects = {

/* Begin PBXBuildFile section */
		1ED2C060D59F1070CB6AEE4D /* libPods.a in Frameworks */ = {isa = PBXBuildFile; fileRef = D69E6ED74E7E95007A91D6BA /* libPods.a */; };
		3E18E9E31B5F51E6008ACC2D /* YKSSearchStreetVC.m in Sources */ = {isa = PBXBuildFile; fileRef = 3E18E9E21B5F51E6008ACC2D /* YKSSearchStreetVC.m */; };
		3E2705A31B02272B00FC6010 /* YKSTabBarViewController.m in Sources */ = {isa = PBXBuildFile; fileRef = 3E2705A21B02272B00FC6010 /* YKSTabBarViewController.m */; };
		3E2705AC1B022AC000FC6010 /* qr_scan_line@2x.png in Resources */ = {isa = PBXBuildFile; fileRef = 3E2705A71B022AC000FC6010 /* qr_scan_line@2x.png */; };
		3E2705AD1B022AC000FC6010 /* QRView.m in Sources */ = {isa = PBXBuildFile; fileRef = 3E2705A91B022AC000FC6010 /* QRView.m */; };
		3E2705AE1B022AC000FC6010 /* YKSQRCodeViewController.m in Sources */ = {isa = PBXBuildFile; fileRef = 3E2705AB1B022AC000FC6010 /* YKSQRCodeViewController.m */; };
		3E2705D61B02DBCE00FC6010 /* GZBaseRequest.m in Sources */ = {isa = PBXBuildFile; fileRef = 3E2705CF1B02DBCE00FC6010 /* GZBaseRequest.m */; };
		3E2705D71B02DBCE00FC6010 /* GZHTTPClient.m in Sources */ = {isa = PBXBuildFile; fileRef = 3E2705D11B02DBCE00FC6010 /* GZHTTPClient.m */; };
		3E2A10F21B01F3BA00DE1E4C /* main.m in Sources */ = {isa = PBXBuildFile; fileRef = 3E2A10F11B01F3BA00DE1E4C /* main.m */; };
		3E2A10F51B01F3BA00DE1E4C /* YKSAppDelegate.m in Sources */ = {isa = PBXBuildFile; fileRef = 3E2A10F41B01F3BA00DE1E4C /* YKSAppDelegate.m */; };
		3E2A10FB1B01F3BA00DE1E4C /* Main.storyboard in Resources */ = {isa = PBXBuildFile; fileRef = 3E2A10F91B01F3BA00DE1E4C /* Main.storyboard */; };
		3E2A10FD1B01F3BA00DE1E4C /* Images.xcassets in Resources */ = {isa = PBXBuildFile; fileRef = 3E2A10FC1B01F3BA00DE1E4C /* Images.xcassets */; };
		3E2A11001B01F3BA00DE1E4C /* LaunchScreen.xib in Resources */ = {isa = PBXBuildFile; fileRef = 3E2A10FE1B01F3BA00DE1E4C /* LaunchScreen.xib */; };
		3E67566B1B1BEAF600CE946D /* YKSFeedbackViewController.m in Sources */ = {isa = PBXBuildFile; fileRef = 3E67566A1B1BEAF600CE946D /* YKSFeedbackViewController.m */; };
		3E67566E1B1BEB0F00CE946D /* YKSAboutViewController.m in Sources */ = {isa = PBXBuildFile; fileRef = 3E67566D1B1BEB0F00CE946D /* YKSAboutViewController.m */; };
		3E6756711B1C267300CE946D /* YKSRegionViewController.m in Sources */ = {isa = PBXBuildFile; fileRef = 3E6756701B1C267300CE946D /* YKSRegionViewController.m */; };
		3E6756741B1C29B600CE946D /* YKSMsgTableViewController.m in Sources */ = {isa = PBXBuildFile; fileRef = 3E6756731B1C29B600CE946D /* YKSMsgTableViewController.m */; };
		3E8905411B033C3100ACF5AD /* YKSSpecialView.m in Sources */ = {isa = PBXBuildFile; fileRef = 3E8905401B033C3100ACF5AD /* YKSSpecialView.m */; };
		3E8905471B03515C00ACF5AD /* YKSUserModel.m in Sources */ = {isa = PBXBuildFile; fileRef = 3E8905461B03515C00ACF5AD /* YKSUserModel.m */; };
		3E89054A1B03770F00ACF5AD /* YKSSpecial.m in Sources */ = {isa = PBXBuildFile; fileRef = 3E8905491B03770F00ACF5AD /* YKSSpecial.m */; };
		3E958E991B0ECD2300A18783 /* YKSSelectAddressView.m in Sources */ = {isa = PBXBuildFile; fileRef = 3E958E981B0ECD2300A18783 /* YKSSelectAddressView.m */; };
		3E958E9B1B0ECDFE00A18783 /* YKSSelectAddressView.xib in Resources */ = {isa = PBXBuildFile; fileRef = 3E958E9A1B0ECDFE00A18783 /* YKSSelectAddressView.xib */; };
		3E958EA21B1169D500A18783 /* YKSOrderConfirmView.xib in Resources */ = {isa = PBXBuildFile; fileRef = 3E958EA11B1169D500A18783 /* YKSOrderConfirmView.xib */; };
		3E958EA51B1169F300A18783 /* YKSOrderConfirmView.m in Sources */ = {isa = PBXBuildFile; fileRef = 3E958EA41B1169F300A18783 /* YKSOrderConfirmView.m */; };
		3E958EA81B12B45F00A18783 /* YKSShoppingCartBuyVC.m in Sources */ = {isa = PBXBuildFile; fileRef = 3E958EA71B12B45F00A18783 /* YKSShoppingCartBuyVC.m */; };
		3E958EAB1B12B79800A18783 /* YKSShoppingCartBuyCell.m in Sources */ = {isa = PBXBuildFile; fileRef = 3E958EAA1B12B79800A18783 /* YKSShoppingCartBuyCell.m */; };
		3E958EAE1B12C06C00A18783 /* YKSDrugCategoryListCell.m in Sources */ = {isa = PBXBuildFile; fileRef = 3E958EAD1B12C06C00A18783 /* YKSDrugCategoryListCell.m */; };
		3E958EB11B12E4AA00A18783 /* YKSOrderListCell.m in Sources */ = {isa = PBXBuildFile; fileRef = 3E958EB01B12E4AA00A18783 /* YKSOrderListCell.m */; };
		3E958EB81B135C2600A18783 /* YKSSelectAddressListCell.m in Sources */ = {isa = PBXBuildFile; fileRef = 3E958EB61B135C2600A18783 /* YKSSelectAddressListCell.m */; };
		3E958EB91B135C2600A18783 /* YKSSelectAddressListCell.xib in Resources */ = {isa = PBXBuildFile; fileRef = 3E958EB71B135C2600A18783 /* YKSSelectAddressListCell.xib */; };
		3E958EBF1B1453CA00A18783 /* YKSSearchController.m in Sources */ = {isa = PBXBuildFile; fileRef = 3E958EBE1B1453CA00A18783 /* YKSSearchController.m */; };
		3E958EC21B145BA000A18783 /* YKSSearchBar.m in Sources */ = {isa = PBXBuildFile; fileRef = 3E958EC11B145BA000A18783 /* YKSSearchBar.m */; };
		3E97BBA41B429F6000BA8C26 /* YKSWelcomeViewController.m in Sources */ = {isa = PBXBuildFile; fileRef = 3E97BBA31B429F6000BA8C26 /* YKSWelcomeViewController.m */; };
		3E9C45F11B046353009CAC1D /* YKSSubSpecialListTableViewController.m in Sources */ = {isa = PBXBuildFile; fileRef = 3E9C45F01B046353009CAC1D /* YKSSubSpecialListTableViewController.m */; };
		3E9C45F41B046635009CAC1D /* YKSSubSpecialCell.m in Sources */ = {isa = PBXBuildFile; fileRef = 3E9C45F31B046635009CAC1D /* YKSSubSpecialCell.m */; };
		3E9C45F71B047E95009CAC1D /* YKSDrugListViewController.m in Sources */ = {isa = PBXBuildFile; fileRef = 3E9C45F61B047E95009CAC1D /* YKSDrugListViewController.m */; };
		3E9C45FA1B04C65C009CAC1D /* YKSDrug.m in Sources */ = {isa = PBXBuildFile; fileRef = 3E9C45F91B04C65C009CAC1D /* YKSDrug.m */; };
		3E9C45FD1B04CE10009CAC1D /* YKSDrugListCell.m in Sources */ = {isa = PBXBuildFile; fileRef = 3E9C45FC1B04CE10009CAC1D /* YKSDrugListCell.m */; };
		3E9C460E1B058B84009CAC1D /* NSObject+Json.m in Sources */ = {isa = PBXBuildFile; fileRef = 3E9C46041B058B84009CAC1D /* NSObject+Json.m */; };
		3E9C460F1B058B84009CAC1D /* UIAlertView+Block.m in Sources */ = {isa = PBXBuildFile; fileRef = 3E9C46061B058B84009CAC1D /* UIAlertView+Block.m */; };
		3E9C46101B058B84009CAC1D /* UIViewController+Common.m in Sources */ = {isa = PBXBuildFile; fileRef = 3E9C46081B058B84009CAC1D /* UIViewController+Common.m */; };
		3E9C46111B058B84009CAC1D /* YKSConstants.m in Sources */ = {isa = PBXBuildFile; fileRef = 3E9C460A1B058B84009CAC1D /* YKSConstants.m */; };
		3E9C46121B058B84009CAC1D /* YKSTools.m in Sources */ = {isa = PBXBuildFile; fileRef = 3E9C460C1B058B84009CAC1D /* YKSTools.m */; };
		3E9C46151B05C374009CAC1D /* YKSLoginViewController.m in Sources */ = {isa = PBXBuildFile; fileRef = 3E9C46141B05C374009CAC1D /* YKSLoginViewController.m */; };
		3E9C461F1B05E33F009CAC1D /* TimeLineViewControl.m in Sources */ = {isa = PBXBuildFile; fileRef = 3E9C461E1B05E33F009CAC1D /* TimeLineViewControl.m */; };
		3E9C46261B0618C9009CAC1D /* YKSHomeTableViewController.m in Sources */ = {isa = PBXBuildFile; fileRef = 3E9C46251B0618C9009CAC1D /* YKSHomeTableViewController.m */; };
		3E9C46291B06191E009CAC1D /* YKSDrugCategoryListVC.m in Sources */ = {isa = PBXBuildFile; fileRef = 3E9C46281B06191E009CAC1D /* YKSDrugCategoryListVC.m */; };
		3E9C462C1B061D8C009CAC1D /* YKSLineView.m in Sources */ = {isa = PBXBuildFile; fileRef = 3E9C462B1B061D8C009CAC1D /* YKSLineView.m */; };
		3E9C462F1B06CC5C009CAC1D /* YKSDrugDetailViewController.m in Sources */ = {isa = PBXBuildFile; fileRef = 3E9C462E1B06CC5C009CAC1D /* YKSDrugDetailViewController.m */; };
		3E9C463D1B06E256009CAC1D /* YKSDrugInfoCell.m in Sources */ = {isa = PBXBuildFile; fileRef = 3E9C463C1B06E256009CAC1D /* YKSDrugInfoCell.m */; };
		3E9C46411B0725A6009CAC1D /* YKSShoppingCartVC.m in Sources */ = {isa = PBXBuildFile; fileRef = 3E9C46401B0725A6009CAC1D /* YKSShoppingCartVC.m */; };
		3E9C465F1B08399D009CAC1D /* YKSAddressListViewController.m in Sources */ = {isa = PBXBuildFile; fileRef = 3E9C46551B08399D009CAC1D /* YKSAddressListViewController.m */; };
		3E9C46601B08399D009CAC1D /* YKSCouponViewController.m in Sources */ = {isa = PBXBuildFile; fileRef = 3E9C46571B08399D009CAC1D /* YKSCouponViewController.m */; };
		3E9C46611B08399D009CAC1D /* YKSMyViewController.m in Sources */ = {isa = PBXBuildFile; fileRef = 3E9C46591B08399D009CAC1D /* YKSMyViewController.m */; };
		3E9C46621B08399D009CAC1D /* YKSOrderViewController.m in Sources */ = {isa = PBXBuildFile; fileRef = 3E9C465B1B08399D009CAC1D /* YKSOrderViewController.m */; };
		3E9C46631B08399D009CAC1D /* YKSAddressListCell.m in Sources */ = {isa = PBXBuildFile; fileRef = 3E9C465E1B08399D009CAC1D /* YKSAddressListCell.m */; };
		3E9C46661B083D33009CAC1D /* YKSMyCollectVC.m in Sources */ = {isa = PBXBuildFile; fileRef = 3E9C46651B083D33009CAC1D /* YKSMyCollectVC.m */; };
		3E9C46691B083FE7009CAC1D /* YKSAddAddressVC.m in Sources */ = {isa = PBXBuildFile; fileRef = 3E9C46681B083FE7009CAC1D /* YKSAddAddressVC.m */; };
		3EA119D91B0B33170073949F /* YKSAreaManager.m in Sources */ = {isa = PBXBuildFile; fileRef = 3EA119D81B0B33170073949F /* YKSAreaManager.m */; };
		3EA119DC1B0B5D120073949F /* YKSAddressTextField.m in Sources */ = {isa = PBXBuildFile; fileRef = 3EA119DB1B0B5D120073949F /* YKSAddressTextField.m */; };
		3EA119DF1B0B74240073949F /* YKSShoppingCartListCell.m in Sources */ = {isa = PBXBuildFile; fileRef = 3EA119DE1B0B74240073949F /* YKSShoppingCartListCell.m */; };
		3EA119E81B0E0E510073949F /* YKSSingleBuyViewController.m in Sources */ = {isa = PBXBuildFile; fileRef = 3EA119E71B0E0E510073949F /* YKSSingleBuyViewController.m */; };
		3EA119EB1B0E0E920073949F /* YKSBuyCell.m in Sources */ = {isa = PBXBuildFile; fileRef = 3EA119EA1B0E0E920073949F /* YKSBuyCell.m */; };
		3ECFDFE31B1C69980014899F /* YKSWebViewController.m in Sources */ = {isa = PBXBuildFile; fileRef = 3ECFDFE21B1C69980014899F /* YKSWebViewController.m */; };
		3ECFDFE61B1C904E0014899F /* YKSSearchView.m in Sources */ = {isa = PBXBuildFile; fileRef = 3ECFDFE51B1C904E0014899F /* YKSSearchView.m */; };
		3EF6393E1B15CF0300858F3E /* YKSCouponListCell.m in Sources */ = {isa = PBXBuildFile; fileRef = 3EF6393D1B15CF0300858F3E /* YKSCouponListCell.m */; };
		3EF639411B16EE1000858F3E /* YKSMyInfoDetailVC.m in Sources */ = {isa = PBXBuildFile; fileRef = 3EF639401B16EE1000858F3E /* YKSMyInfoDetailVC.m */; };
		3EF639441B1702A500858F3E /* YKSHomeListCell.m in Sources */ = {isa = PBXBuildFile; fileRef = 3EF639431B1702A500858F3E /* YKSHomeListCell.m */; };
		3EF639471B1805AD00858F3E /* YKSOrderDetailViewController.m in Sources */ = {isa = PBXBuildFile; fileRef = 3EF639461B1805AD00858F3E /* YKSOrderDetailViewController.m */; };
		3EFB3CA61B158B3F00107809 /* YKSCloseButton.m in Sources */ = {isa = PBXBuildFile; fileRef = 3EFB3CA51B158B3F00107809 /* YKSCloseButton.m */; };
		3EFFB6A91B2568D500692CAA /* HealthKit.framework in Frameworks */ = {isa = PBXBuildFile; fileRef = 3EFFB6A81B2568D500692CAA /* HealthKit.framework */; };
		3EFFB6AC1B25693800692CAA /* HealthKitUtils.m in Sources */ = {isa = PBXBuildFile; fileRef = 3EFFB6AB1B25693800692CAA /* HealthKitUtils.m */; };
		3EFFB7421B2860EF00692CAA /* YKSMyHealthViewController.m in Sources */ = {isa = PBXBuildFile; fileRef = 3EFFB7411B2860EF00692CAA /* YKSMyHealthViewController.m */; };
		81371BDE1B4A478500BFA4FD /* UIViewController+YKSArchive.m in Sources */ = {isa = PBXBuildFile; fileRef = 81371BDD1B4A478500BFA4FD /* UIViewController+YKSArchive.m */; };
		F365F48E1B7DE2F9009F3BFF /* LogOut.png in Resources */ = {isa = PBXBuildFile; fileRef = F365F48D1B7DE2F9009F3BFF /* LogOut.png */; };
		F36DE1001B7B4573002225E4 /* dot_blue.png in Resources */ = {isa = PBXBuildFile; fileRef = F36DE0FF1B7B4573002225E4 /* dot_blue.png */; };
		F3D4B0B81B86B35400387F98 /* Foundation+Log.m in Sources */ = {isa = PBXBuildFile; fileRef = F3D4B0B71B86B35400387F98 /* Foundation+Log.m */; };
/* End PBXBuildFile section */

/* Begin PBXFileReference section */
		3E18E9E11B5F51E6008ACC2D /* YKSSearchStreetVC.h */ = {isa = PBXFileReference; fileEncoding = 4; lastKnownFileType = sourcecode.c.h; path = YKSSearchStreetVC.h; sourceTree = "<group>"; };
		3E18E9E21B5F51E6008ACC2D /* YKSSearchStreetVC.m */ = {isa = PBXFileReference; fileEncoding = 4; lastKnownFileType = sourcecode.c.objc; path = YKSSearchStreetVC.m; sourceTree = "<group>"; };
		3E2705A11B02272B00FC6010 /* YKSTabBarViewController.h */ = {isa = PBXFileReference; fileEncoding = 4; lastKnownFileType = sourcecode.c.h; path = YKSTabBarViewController.h; sourceTree = "<group>"; };
		3E2705A21B02272B00FC6010 /* YKSTabBarViewController.m */ = {isa = PBXFileReference; fileEncoding = 4; lastKnownFileType = sourcecode.c.objc; path = YKSTabBarViewController.m; sourceTree = "<group>"; };
		3E2705A71B022AC000FC6010 /* qr_scan_line@2x.png */ = {isa = PBXFileReference; lastKnownFileType = image.png; path = "qr_scan_line@2x.png"; sourceTree = "<group>"; };
		3E2705A81B022AC000FC6010 /* QRView.h */ = {isa = PBXFileReference; fileEncoding = 4; lastKnownFileType = sourcecode.c.h; path = QRView.h; sourceTree = "<group>"; };
		3E2705A91B022AC000FC6010 /* QRView.m */ = {isa = PBXFileReference; fileEncoding = 4; lastKnownFileType = sourcecode.c.objc; path = QRView.m; sourceTree = "<group>"; };
		3E2705AA1B022AC000FC6010 /* YKSQRCodeViewController.h */ = {isa = PBXFileReference; fileEncoding = 4; lastKnownFileType = sourcecode.c.h; path = YKSQRCodeViewController.h; sourceTree = "<group>"; };
		3E2705AB1B022AC000FC6010 /* YKSQRCodeViewController.m */ = {isa = PBXFileReference; fileEncoding = 4; lastKnownFileType = sourcecode.c.objc; path = YKSQRCodeViewController.m; sourceTree = "<group>"; };
		3E2705B51B02308F00FC6010 /* PrefixHeader.pch */ = {isa = PBXFileReference; lastKnownFileType = sourcecode.c.h; path = PrefixHeader.pch; sourceTree = "<group>"; };
		3E2705CE1B02DBCE00FC6010 /* GZBaseRequest.h */ = {isa = PBXFileReference; fileEncoding = 4; lastKnownFileType = sourcecode.c.h; path = GZBaseRequest.h; sourceTree = "<group>"; };
		3E2705CF1B02DBCE00FC6010 /* GZBaseRequest.m */ = {isa = PBXFileReference; fileEncoding = 4; lastKnownFileType = sourcecode.c.objc; path = GZBaseRequest.m; sourceTree = "<group>"; };
		3E2705D01B02DBCE00FC6010 /* GZHTTPClient.h */ = {isa = PBXFileReference; fileEncoding = 4; lastKnownFileType = sourcecode.c.h; path = GZHTTPClient.h; sourceTree = "<group>"; };
		3E2705D11B02DBCE00FC6010 /* GZHTTPClient.m */ = {isa = PBXFileReference; fileEncoding = 4; lastKnownFileType = sourcecode.c.objc; path = GZHTTPClient.m; sourceTree = "<group>"; };
		3E2A10EC1B01F3BA00DE1E4C /* YueKangSong.app */ = {isa = PBXFileReference; explicitFileType = wrapper.application; includeInIndex = 0; path = YueKangSong.app; sourceTree = BUILT_PRODUCTS_DIR; };
		3E2A10F01B01F3BA00DE1E4C /* Info.plist */ = {isa = PBXFileReference; lastKnownFileType = text.plist.xml; path = Info.plist; sourceTree = "<group>"; };
		3E2A10F11B01F3BA00DE1E4C /* main.m */ = {isa = PBXFileReference; lastKnownFileType = sourcecode.c.objc; path = main.m; sourceTree = "<group>"; };
		3E2A10F31B01F3BA00DE1E4C /* YKSAppDelegate.h */ = {isa = PBXFileReference; lastKnownFileType = sourcecode.c.h; path = YKSAppDelegate.h; sourceTree = "<group>"; };
		3E2A10F41B01F3BA00DE1E4C /* YKSAppDelegate.m */ = {isa = PBXFileReference; lastKnownFileType = sourcecode.c.objc; path = YKSAppDelegate.m; sourceTree = "<group>"; };
		3E2A10FA1B01F3BA00DE1E4C /* Base */ = {isa = PBXFileReference; lastKnownFileType = file.storyboard; name = Base; path = Base.lproj/Main.storyboard; sourceTree = "<group>"; };
		3E2A10FC1B01F3BA00DE1E4C /* Images.xcassets */ = {isa = PBXFileReference; lastKnownFileType = folder.assetcatalog; name = Images.xcassets; path = YueKangSong/Images.xcassets; sourceTree = "<group>"; };
		3E2A10FF1B01F3BA00DE1E4C /* Base */ = {isa = PBXFileReference; lastKnownFileType = file.xib; name = Base; path = Base.lproj/LaunchScreen.xib; sourceTree = "<group>"; };
		3E2A110A1B01F3BA00DE1E4C /* Info.plist */ = {isa = PBXFileReference; lastKnownFileType = text.plist.xml; path = Info.plist; sourceTree = "<group>"; };
		3E2A110B1B01F3BA00DE1E4C /* YueKangSongTests.m */ = {isa = PBXFileReference; lastKnownFileType = sourcecode.c.objc; path = YueKangSongTests.m; sourceTree = "<group>"; };
		3E6756691B1BEAF600CE946D /* YKSFeedbackViewController.h */ = {isa = PBXFileReference; fileEncoding = 4; lastKnownFileType = sourcecode.c.h; path = YKSFeedbackViewController.h; sourceTree = "<group>"; };
		3E67566A1B1BEAF600CE946D /* YKSFeedbackViewController.m */ = {isa = PBXFileReference; fileEncoding = 4; lastKnownFileType = sourcecode.c.objc; path = YKSFeedbackViewController.m; sourceTree = "<group>"; };
		3E67566C1B1BEB0F00CE946D /* YKSAboutViewController.h */ = {isa = PBXFileReference; fileEncoding = 4; lastKnownFileType = sourcecode.c.h; path = YKSAboutViewController.h; sourceTree = "<group>"; };
		3E67566D1B1BEB0F00CE946D /* YKSAboutViewController.m */ = {isa = PBXFileReference; fileEncoding = 4; lastKnownFileType = sourcecode.c.objc; path = YKSAboutViewController.m; sourceTree = "<group>"; };
		3E67566F1B1C267300CE946D /* YKSRegionViewController.h */ = {isa = PBXFileReference; fileEncoding = 4; lastKnownFileType = sourcecode.c.h; path = YKSRegionViewController.h; sourceTree = "<group>"; };
		3E6756701B1C267300CE946D /* YKSRegionViewController.m */ = {isa = PBXFileReference; fileEncoding = 4; lastKnownFileType = sourcecode.c.objc; path = YKSRegionViewController.m; sourceTree = "<group>"; };
		3E6756721B1C29B600CE946D /* YKSMsgTableViewController.h */ = {isa = PBXFileReference; fileEncoding = 4; lastKnownFileType = sourcecode.c.h; path = YKSMsgTableViewController.h; sourceTree = "<group>"; };
		3E6756731B1C29B600CE946D /* YKSMsgTableViewController.m */ = {isa = PBXFileReference; fileEncoding = 4; lastKnownFileType = sourcecode.c.objc; path = YKSMsgTableViewController.m; sourceTree = "<group>"; };
		3E89053F1B033C3100ACF5AD /* YKSSpecialView.h */ = {isa = PBXFileReference; fileEncoding = 4; lastKnownFileType = sourcecode.c.h; path = YKSSpecialView.h; sourceTree = "<group>"; };
		3E8905401B033C3100ACF5AD /* YKSSpecialView.m */ = {isa = PBXFileReference; fileEncoding = 4; lastKnownFileType = sourcecode.c.objc; path = YKSSpecialView.m; sourceTree = "<group>"; };
		3E8905451B03515C00ACF5AD /* YKSUserModel.h */ = {isa = PBXFileReference; fileEncoding = 4; lastKnownFileType = sourcecode.c.h; path = YKSUserModel.h; sourceTree = "<group>"; };
		3E8905461B03515C00ACF5AD /* YKSUserModel.m */ = {isa = PBXFileReference; fileEncoding = 4; lastKnownFileType = sourcecode.c.objc; path = YKSUserModel.m; sourceTree = "<group>"; };
		3E8905481B03770F00ACF5AD /* YKSSpecial.h */ = {isa = PBXFileReference; fileEncoding = 4; lastKnownFileType = sourcecode.c.h; path = YKSSpecial.h; sourceTree = "<group>"; };
		3E8905491B03770F00ACF5AD /* YKSSpecial.m */ = {isa = PBXFileReference; fileEncoding = 4; lastKnownFileType = sourcecode.c.objc; path = YKSSpecial.m; sourceTree = "<group>"; };
		3E958E971B0ECD2300A18783 /* YKSSelectAddressView.h */ = {isa = PBXFileReference; fileEncoding = 4; lastKnownFileType = sourcecode.c.h; path = YKSSelectAddressView.h; sourceTree = "<group>"; };
		3E958E981B0ECD2300A18783 /* YKSSelectAddressView.m */ = {isa = PBXFileReference; fileEncoding = 4; lastKnownFileType = sourcecode.c.objc; path = YKSSelectAddressView.m; sourceTree = "<group>"; };
		3E958E9A1B0ECDFE00A18783 /* YKSSelectAddressView.xib */ = {isa = PBXFileReference; fileEncoding = 4; lastKnownFileType = file.xib; path = YKSSelectAddressView.xib; sourceTree = "<group>"; };
		3E958EA11B1169D500A18783 /* YKSOrderConfirmView.xib */ = {isa = PBXFileReference; fileEncoding = 4; lastKnownFileType = file.xib; path = YKSOrderConfirmView.xib; sourceTree = "<group>"; };
		3E958EA31B1169F300A18783 /* YKSOrderConfirmView.h */ = {isa = PBXFileReference; fileEncoding = 4; lastKnownFileType = sourcecode.c.h; name = YKSOrderConfirmView.h; path = Drug/YKSOrderConfirmView.h; sourceTree = "<group>"; };
		3E958EA41B1169F300A18783 /* YKSOrderConfirmView.m */ = {isa = PBXFileReference; fileEncoding = 4; lastKnownFileType = sourcecode.c.objc; name = YKSOrderConfirmView.m; path = Drug/YKSOrderConfirmView.m; sourceTree = "<group>"; };
		3E958EA61B12B45F00A18783 /* YKSShoppingCartBuyVC.h */ = {isa = PBXFileReference; fileEncoding = 4; lastKnownFileType = sourcecode.c.h; name = YKSShoppingCartBuyVC.h; path = ShoppingCart/YKSShoppingCartBuyVC.h; sourceTree = "<group>"; };
		3E958EA71B12B45F00A18783 /* YKSShoppingCartBuyVC.m */ = {isa = PBXFileReference; fileEncoding = 4; lastKnownFileType = sourcecode.c.objc; name = YKSShoppingCartBuyVC.m; path = ShoppingCart/YKSShoppingCartBuyVC.m; sourceTree = "<group>"; };
		3E958EA91B12B79800A18783 /* YKSShoppingCartBuyCell.h */ = {isa = PBXFileReference; fileEncoding = 4; lastKnownFileType = sourcecode.c.h; name = YKSShoppingCartBuyCell.h; path = ShoppingCart/YKSShoppingCartBuyCell.h; sourceTree = "<group>"; };
		3E958EAA1B12B79800A18783 /* YKSShoppingCartBuyCell.m */ = {isa = PBXFileReference; fileEncoding = 4; lastKnownFileType = sourcecode.c.objc; name = YKSShoppingCartBuyCell.m; path = ShoppingCart/YKSShoppingCartBuyCell.m; sourceTree = "<group>"; };
		3E958EAC1B12C06C00A18783 /* YKSDrugCategoryListCell.h */ = {isa = PBXFileReference; fileEncoding = 4; lastKnownFileType = sourcecode.c.h; name = YKSDrugCategoryListCell.h; path = Drug/YKSDrugCategoryListCell.h; sourceTree = "<group>"; };
		3E958EAD1B12C06C00A18783 /* YKSDrugCategoryListCell.m */ = {isa = PBXFileReference; fileEncoding = 4; lastKnownFileType = sourcecode.c.objc; name = YKSDrugCategoryListCell.m; path = Drug/YKSDrugCategoryListCell.m; sourceTree = "<group>"; };
		3E958EAF1B12E4AA00A18783 /* YKSOrderListCell.h */ = {isa = PBXFileReference; fileEncoding = 4; lastKnownFileType = sourcecode.c.h; path = YKSOrderListCell.h; sourceTree = "<group>"; };
		3E958EB01B12E4AA00A18783 /* YKSOrderListCell.m */ = {isa = PBXFileReference; fileEncoding = 4; lastKnownFileType = sourcecode.c.objc; path = YKSOrderListCell.m; sourceTree = "<group>"; };
		3E958EB51B135C2600A18783 /* YKSSelectAddressListCell.h */ = {isa = PBXFileReference; fileEncoding = 4; lastKnownFileType = sourcecode.c.h; path = YKSSelectAddressListCell.h; sourceTree = "<group>"; };
		3E958EB61B135C2600A18783 /* YKSSelectAddressListCell.m */ = {isa = PBXFileReference; fileEncoding = 4; lastKnownFileType = sourcecode.c.objc; path = YKSSelectAddressListCell.m; sourceTree = "<group>"; };
		3E958EB71B135C2600A18783 /* YKSSelectAddressListCell.xib */ = {isa = PBXFileReference; fileEncoding = 4; lastKnownFileType = file.xib; path = YKSSelectAddressListCell.xib; sourceTree = "<group>"; };
		3E958EBD1B1453CA00A18783 /* YKSSearchController.h */ = {isa = PBXFileReference; fileEncoding = 4; lastKnownFileType = sourcecode.c.h; path = YKSSearchController.h; sourceTree = "<group>"; };
		3E958EBE1B1453CA00A18783 /* YKSSearchController.m */ = {isa = PBXFileReference; fileEncoding = 4; lastKnownFileType = sourcecode.c.objc; path = YKSSearchController.m; sourceTree = "<group>"; };
		3E958EC01B145BA000A18783 /* YKSSearchBar.h */ = {isa = PBXFileReference; fileEncoding = 4; lastKnownFileType = sourcecode.c.h; path = YKSSearchBar.h; sourceTree = "<group>"; };
		3E958EC11B145BA000A18783 /* YKSSearchBar.m */ = {isa = PBXFileReference; fileEncoding = 4; lastKnownFileType = sourcecode.c.objc; path = YKSSearchBar.m; sourceTree = "<group>"; };
		3E97BBA21B429F6000BA8C26 /* YKSWelcomeViewController.h */ = {isa = PBXFileReference; fileEncoding = 4; lastKnownFileType = sourcecode.c.h; path = YKSWelcomeViewController.h; sourceTree = "<group>"; };
		3E97BBA31B429F6000BA8C26 /* YKSWelcomeViewController.m */ = {isa = PBXFileReference; fileEncoding = 4; lastKnownFileType = sourcecode.c.objc; path = YKSWelcomeViewController.m; sourceTree = "<group>"; };
		3E9C45EF1B046353009CAC1D /* YKSSubSpecialListTableViewController.h */ = {isa = PBXFileReference; fileEncoding = 4; lastKnownFileType = sourcecode.c.h; path = YKSSubSpecialListTableViewController.h; sourceTree = "<group>"; };
		3E9C45F01B046353009CAC1D /* YKSSubSpecialListTableViewController.m */ = {isa = PBXFileReference; fileEncoding = 4; lastKnownFileType = sourcecode.c.objc; path = YKSSubSpecialListTableViewController.m; sourceTree = "<group>"; };
		3E9C45F21B046635009CAC1D /* YKSSubSpecialCell.h */ = {isa = PBXFileReference; fileEncoding = 4; lastKnownFileType = sourcecode.c.h; path = YKSSubSpecialCell.h; sourceTree = "<group>"; };
		3E9C45F31B046635009CAC1D /* YKSSubSpecialCell.m */ = {isa = PBXFileReference; fileEncoding = 4; lastKnownFileType = sourcecode.c.objc; path = YKSSubSpecialCell.m; sourceTree = "<group>"; };
		3E9C45F51B047E95009CAC1D /* YKSDrugListViewController.h */ = {isa = PBXFileReference; fileEncoding = 4; lastKnownFileType = sourcecode.c.h; path = YKSDrugListViewController.h; sourceTree = "<group>"; };
		3E9C45F61B047E95009CAC1D /* YKSDrugListViewController.m */ = {isa = PBXFileReference; fileEncoding = 4; lastKnownFileType = sourcecode.c.objc; path = YKSDrugListViewController.m; sourceTree = "<group>"; };
		3E9C45F81B04C65C009CAC1D /* YKSDrug.h */ = {isa = PBXFileReference; fileEncoding = 4; lastKnownFileType = sourcecode.c.h; path = YKSDrug.h; sourceTree = "<group>"; };
		3E9C45F91B04C65C009CAC1D /* YKSDrug.m */ = {isa = PBXFileReference; fileEncoding = 4; lastKnownFileType = sourcecode.c.objc; path = YKSDrug.m; sourceTree = "<group>"; };
		3E9C45FB1B04CE10009CAC1D /* YKSDrugListCell.h */ = {isa = PBXFileReference; fileEncoding = 4; lastKnownFileType = sourcecode.c.h; path = YKSDrugListCell.h; sourceTree = "<group>"; };
		3E9C45FC1B04CE10009CAC1D /* YKSDrugListCell.m */ = {isa = PBXFileReference; fileEncoding = 4; lastKnownFileType = sourcecode.c.objc; path = YKSDrugListCell.m; sourceTree = "<group>"; };
		3E9C46031B058B84009CAC1D /* NSObject+Json.h */ = {isa = PBXFileReference; fileEncoding = 4; lastKnownFileType = sourcecode.c.h; path = "NSObject+Json.h"; sourceTree = "<group>"; };
		3E9C46041B058B84009CAC1D /* NSObject+Json.m */ = {isa = PBXFileReference; fileEncoding = 4; lastKnownFileType = sourcecode.c.objc; path = "NSObject+Json.m"; sourceTree = "<group>"; };
		3E9C46051B058B84009CAC1D /* UIAlertView+Block.h */ = {isa = PBXFileReference; fileEncoding = 4; lastKnownFileType = sourcecode.c.h; path = "UIAlertView+Block.h"; sourceTree = "<group>"; };
		3E9C46061B058B84009CAC1D /* UIAlertView+Block.m */ = {isa = PBXFileReference; fileEncoding = 4; lastKnownFileType = sourcecode.c.objc; path = "UIAlertView+Block.m"; sourceTree = "<group>"; };
		3E9C46071B058B84009CAC1D /* UIViewController+Common.h */ = {isa = PBXFileReference; fileEncoding = 4; lastKnownFileType = sourcecode.c.h; path = "UIViewController+Common.h"; sourceTree = "<group>"; };
		3E9C46081B058B84009CAC1D /* UIViewController+Common.m */ = {isa = PBXFileReference; fileEncoding = 4; lastKnownFileType = sourcecode.c.objc; path = "UIViewController+Common.m"; sourceTree = "<group>"; };
		3E9C46091B058B84009CAC1D /* YKSConstants.h */ = {isa = PBXFileReference; fileEncoding = 4; lastKnownFileType = sourcecode.c.h; path = YKSConstants.h; sourceTree = "<group>"; };
		3E9C460A1B058B84009CAC1D /* YKSConstants.m */ = {isa = PBXFileReference; fileEncoding = 4; lastKnownFileType = sourcecode.c.objc; path = YKSConstants.m; sourceTree = "<group>"; };
		3E9C460B1B058B84009CAC1D /* YKSTools.h */ = {isa = PBXFileReference; fileEncoding = 4; lastKnownFileType = sourcecode.c.h; path = YKSTools.h; sourceTree = "<group>"; };
		3E9C460C1B058B84009CAC1D /* YKSTools.m */ = {isa = PBXFileReference; fileEncoding = 4; lastKnownFileType = sourcecode.c.objc; path = YKSTools.m; sourceTree = "<group>"; };
		3E9C460D1B058B84009CAC1D /* YKSUIConstants.h */ = {isa = PBXFileReference; fileEncoding = 4; lastKnownFileType = sourcecode.c.h; path = YKSUIConstants.h; sourceTree = "<group>"; };
		3E9C46131B05C374009CAC1D /* YKSLoginViewController.h */ = {isa = PBXFileReference; fileEncoding = 4; lastKnownFileType = sourcecode.c.h; name = YKSLoginViewController.h; path = Login/YKSLoginViewController.h; sourceTree = "<group>"; };
		3E9C46141B05C374009CAC1D /* YKSLoginViewController.m */ = {isa = PBXFileReference; fileEncoding = 4; lastKnownFileType = sourcecode.c.objc; name = YKSLoginViewController.m; path = Login/YKSLoginViewController.m; sourceTree = "<group>"; };
		3E9C461D1B05E33F009CAC1D /* TimeLineViewControl.h */ = {isa = PBXFileReference; fileEncoding = 4; lastKnownFileType = sourcecode.c.h; path = TimeLineViewControl.h; sourceTree = "<group>"; };
		3E9C461E1B05E33F009CAC1D /* TimeLineViewControl.m */ = {isa = PBXFileReference; fileEncoding = 4; lastKnownFileType = sourcecode.c.objc; path = TimeLineViewControl.m; sourceTree = "<group>"; };
		3E9C46241B0618C9009CAC1D /* YKSHomeTableViewController.h */ = {isa = PBXFileReference; fileEncoding = 4; lastKnownFileType = sourcecode.c.h; path = YKSHomeTableViewController.h; sourceTree = "<group>"; };
		3E9C46251B0618C9009CAC1D /* YKSHomeTableViewController.m */ = {isa = PBXFileReference; fileEncoding = 4; lastKnownFileType = sourcecode.c.objc; path = YKSHomeTableViewController.m; sourceTree = "<group>"; };
		3E9C46271B06191E009CAC1D /* YKSDrugCategoryListVC.h */ = {isa = PBXFileReference; fileEncoding = 4; lastKnownFileType = sourcecode.c.h; name = YKSDrugCategoryListVC.h; path = Drug/YKSDrugCategoryListVC.h; sourceTree = "<group>"; };
		3E9C46281B06191E009CAC1D /* YKSDrugCategoryListVC.m */ = {isa = PBXFileReference; fileEncoding = 4; lastKnownFileType = sourcecode.c.objc; name = YKSDrugCategoryListVC.m; path = Drug/YKSDrugCategoryListVC.m; sourceTree = "<group>"; };
		3E9C462A1B061D8C009CAC1D /* YKSLineView.h */ = {isa = PBXFileReference; fileEncoding = 4; lastKnownFileType = sourcecode.c.h; path = YKSLineView.h; sourceTree = "<group>"; };
		3E9C462B1B061D8C009CAC1D /* YKSLineView.m */ = {isa = PBXFileReference; fileEncoding = 4; lastKnownFileType = sourcecode.c.objc; path = YKSLineView.m; sourceTree = "<group>"; };
		3E9C462D1B06CC5C009CAC1D /* YKSDrugDetailViewController.h */ = {isa = PBXFileReference; fileEncoding = 4; lastKnownFileType = sourcecode.c.h; name = YKSDrugDetailViewController.h; path = Drug/YKSDrugDetailViewController.h; sourceTree = "<group>"; };
		3E9C462E1B06CC5C009CAC1D /* YKSDrugDetailViewController.m */ = {isa = PBXFileReference; fileEncoding = 4; lastKnownFileType = sourcecode.c.objc; name = YKSDrugDetailViewController.m; path = Drug/YKSDrugDetailViewController.m; sourceTree = "<group>"; };
		3E9C463B1B06E256009CAC1D /* YKSDrugInfoCell.h */ = {isa = PBXFileReference; fileEncoding = 4; lastKnownFileType = sourcecode.c.h; name = YKSDrugInfoCell.h; path = Drug/YKSDrugInfoCell.h; sourceTree = "<group>"; };
		3E9C463C1B06E256009CAC1D /* YKSDrugInfoCell.m */ = {isa = PBXFileReference; fileEncoding = 4; lastKnownFileType = sourcecode.c.objc; name = YKSDrugInfoCell.m; path = Drug/YKSDrugInfoCell.m; sourceTree = "<group>"; };
		3E9C463F1B0725A6009CAC1D /* YKSShoppingCartVC.h */ = {isa = PBXFileReference; fileEncoding = 4; lastKnownFileType = sourcecode.c.h; name = YKSShoppingCartVC.h; path = ShoppingCart/YKSShoppingCartVC.h; sourceTree = "<group>"; };
		3E9C46401B0725A6009CAC1D /* YKSShoppingCartVC.m */ = {isa = PBXFileReference; fileEncoding = 4; lastKnownFileType = sourcecode.c.objc; name = YKSShoppingCartVC.m; path = ShoppingCart/YKSShoppingCartVC.m; sourceTree = "<group>"; };
		3E9C46541B08399D009CAC1D /* YKSAddressListViewController.h */ = {isa = PBXFileReference; fileEncoding = 4; lastKnownFileType = sourcecode.c.h; path = YKSAddressListViewController.h; sourceTree = "<group>"; };
		3E9C46551B08399D009CAC1D /* YKSAddressListViewController.m */ = {isa = PBXFileReference; fileEncoding = 4; lastKnownFileType = sourcecode.c.objc; path = YKSAddressListViewController.m; sourceTree = "<group>"; };
		3E9C46561B08399D009CAC1D /* YKSCouponViewController.h */ = {isa = PBXFileReference; fileEncoding = 4; lastKnownFileType = sourcecode.c.h; path = YKSCouponViewController.h; sourceTree = "<group>"; };
		3E9C46571B08399D009CAC1D /* YKSCouponViewController.m */ = {isa = PBXFileReference; fileEncoding = 4; lastKnownFileType = sourcecode.c.objc; path = YKSCouponViewController.m; sourceTree = "<group>"; };
		3E9C46581B08399D009CAC1D /* YKSMyViewController.h */ = {isa = PBXFileReference; fileEncoding = 4; lastKnownFileType = sourcecode.c.h; path = YKSMyViewController.h; sourceTree = "<group>"; };
		3E9C46591B08399D009CAC1D /* YKSMyViewController.m */ = {isa = PBXFileReference; fileEncoding = 4; lastKnownFileType = sourcecode.c.objc; path = YKSMyViewController.m; sourceTree = "<group>"; };
		3E9C465A1B08399D009CAC1D /* YKSOrderViewController.h */ = {isa = PBXFileReference; fileEncoding = 4; lastKnownFileType = sourcecode.c.h; path = YKSOrderViewController.h; sourceTree = "<group>"; };
		3E9C465B1B08399D009CAC1D /* YKSOrderViewController.m */ = {isa = PBXFileReference; fileEncoding = 4; lastKnownFileType = sourcecode.c.objc; path = YKSOrderViewController.m; sourceTree = "<group>"; };
		3E9C465D1B08399D009CAC1D /* YKSAddressListCell.h */ = {isa = PBXFileReference; fileEncoding = 4; lastKnownFileType = sourcecode.c.h; path = YKSAddressListCell.h; sourceTree = "<group>"; };
		3E9C465E1B08399D009CAC1D /* YKSAddressListCell.m */ = {isa = PBXFileReference; fileEncoding = 4; lastKnownFileType = sourcecode.c.objc; path = YKSAddressListCell.m; sourceTree = "<group>"; };
		3E9C46641B083D33009CAC1D /* YKSMyCollectVC.h */ = {isa = PBXFileReference; fileEncoding = 4; lastKnownFileType = sourcecode.c.h; path = YKSMyCollectVC.h; sourceTree = "<group>"; };
		3E9C46651B083D33009CAC1D /* YKSMyCollectVC.m */ = {isa = PBXFileReference; fileEncoding = 4; lastKnownFileType = sourcecode.c.objc; path = YKSMyCollectVC.m; sourceTree = "<group>"; };
		3E9C46671B083FE7009CAC1D /* YKSAddAddressVC.h */ = {isa = PBXFileReference; fileEncoding = 4; lastKnownFileType = sourcecode.c.h; path = YKSAddAddressVC.h; sourceTree = "<group>"; };
		3E9C46681B083FE7009CAC1D /* YKSAddAddressVC.m */ = {isa = PBXFileReference; fileEncoding = 4; lastKnownFileType = sourcecode.c.objc; path = YKSAddAddressVC.m; sourceTree = "<group>"; };
		3EA119D71B0B33170073949F /* YKSAreaManager.h */ = {isa = PBXFileReference; fileEncoding = 4; lastKnownFileType = sourcecode.c.h; path = YKSAreaManager.h; sourceTree = "<group>"; };
		3EA119D81B0B33170073949F /* YKSAreaManager.m */ = {isa = PBXFileReference; fileEncoding = 4; lastKnownFileType = sourcecode.c.objc; path = YKSAreaManager.m; sourceTree = "<group>"; };
		3EA119DA1B0B5D120073949F /* YKSAddressTextField.h */ = {isa = PBXFileReference; fileEncoding = 4; lastKnownFileType = sourcecode.c.h; path = YKSAddressTextField.h; sourceTree = "<group>"; };
		3EA119DB1B0B5D120073949F /* YKSAddressTextField.m */ = {isa = PBXFileReference; fileEncoding = 4; lastKnownFileType = sourcecode.c.objc; path = YKSAddressTextField.m; sourceTree = "<group>"; };
		3EA119DD1B0B74240073949F /* YKSShoppingCartListCell.h */ = {isa = PBXFileReference; fileEncoding = 4; lastKnownFileType = sourcecode.c.h; name = YKSShoppingCartListCell.h; path = ShoppingCart/YKSShoppingCartListCell.h; sourceTree = "<group>"; };
		3EA119DE1B0B74240073949F /* YKSShoppingCartListCell.m */ = {isa = PBXFileReference; fileEncoding = 4; lastKnownFileType = sourcecode.c.objc; name = YKSShoppingCartListCell.m; path = ShoppingCart/YKSShoppingCartListCell.m; sourceTree = "<group>"; };
		3EA119E61B0E0E510073949F /* YKSSingleBuyViewController.h */ = {isa = PBXFileReference; fileEncoding = 4; lastKnownFileType = sourcecode.c.h; name = YKSSingleBuyViewController.h; path = Drug/YKSSingleBuyViewController.h; sourceTree = "<group>"; };
		3EA119E71B0E0E510073949F /* YKSSingleBuyViewController.m */ = {isa = PBXFileReference; fileEncoding = 4; lastKnownFileType = sourcecode.c.objc; name = YKSSingleBuyViewController.m; path = Drug/YKSSingleBuyViewController.m; sourceTree = "<group>"; };
		3EA119E91B0E0E920073949F /* YKSBuyCell.h */ = {isa = PBXFileReference; fileEncoding = 4; lastKnownFileType = sourcecode.c.h; name = YKSBuyCell.h; path = Drug/YKSBuyCell.h; sourceTree = "<group>"; };
		3EA119EA1B0E0E920073949F /* YKSBuyCell.m */ = {isa = PBXFileReference; fileEncoding = 4; lastKnownFileType = sourcecode.c.objc; name = YKSBuyCell.m; path = Drug/YKSBuyCell.m; sourceTree = "<group>"; };
		3ECFDFE11B1C69980014899F /* YKSWebViewController.h */ = {isa = PBXFileReference; fileEncoding = 4; lastKnownFileType = sourcecode.c.h; path = YKSWebViewController.h; sourceTree = "<group>"; };
		3ECFDFE21B1C69980014899F /* YKSWebViewController.m */ = {isa = PBXFileReference; fileEncoding = 4; lastKnownFileType = sourcecode.c.objc; path = YKSWebViewController.m; sourceTree = "<group>"; };
		3ECFDFE41B1C904E0014899F /* YKSSearchView.h */ = {isa = PBXFileReference; fileEncoding = 4; lastKnownFileType = sourcecode.c.h; path = YKSSearchView.h; sourceTree = "<group>"; };
		3ECFDFE51B1C904E0014899F /* YKSSearchView.m */ = {isa = PBXFileReference; fileEncoding = 4; lastKnownFileType = sourcecode.c.objc; path = YKSSearchView.m; sourceTree = "<group>"; };
		3EF6393A1B15AEAF00858F3E /* libz.dylib */ = {isa = PBXFileReference; lastKnownFileType = "compiled.mach-o.dylib"; name = libz.dylib; path = usr/lib/libz.dylib; sourceTree = SDKROOT; };
		3EF6393C1B15CF0300858F3E /* YKSCouponListCell.h */ = {isa = PBXFileReference; fileEncoding = 4; lastKnownFileType = sourcecode.c.h; path = YKSCouponListCell.h; sourceTree = "<group>"; };
		3EF6393D1B15CF0300858F3E /* YKSCouponListCell.m */ = {isa = PBXFileReference; fileEncoding = 4; lastKnownFileType = sourcecode.c.objc; path = YKSCouponListCell.m; sourceTree = "<group>"; };
		3EF6393F1B16EE1000858F3E /* YKSMyInfoDetailVC.h */ = {isa = PBXFileReference; fileEncoding = 4; lastKnownFileType = sourcecode.c.h; path = YKSMyInfoDetailVC.h; sourceTree = "<group>"; };
		3EF639401B16EE1000858F3E /* YKSMyInfoDetailVC.m */ = {isa = PBXFileReference; fileEncoding = 4; lastKnownFileType = sourcecode.c.objc; path = YKSMyInfoDetailVC.m; sourceTree = "<group>"; };
		3EF639421B1702A500858F3E /* YKSHomeListCell.h */ = {isa = PBXFileReference; fileEncoding = 4; lastKnownFileType = sourcecode.c.h; path = YKSHomeListCell.h; sourceTree = "<group>"; };
		3EF639431B1702A500858F3E /* YKSHomeListCell.m */ = {isa = PBXFileReference; fileEncoding = 4; lastKnownFileType = sourcecode.c.objc; path = YKSHomeListCell.m; sourceTree = "<group>"; };
		3EF639451B1805AD00858F3E /* YKSOrderDetailViewController.h */ = {isa = PBXFileReference; fileEncoding = 4; lastKnownFileType = sourcecode.c.h; path = YKSOrderDetailViewController.h; sourceTree = "<group>"; };
		3EF639461B1805AD00858F3E /* YKSOrderDetailViewController.m */ = {isa = PBXFileReference; fileEncoding = 4; lastKnownFileType = sourcecode.c.objc; path = YKSOrderDetailViewController.m; sourceTree = "<group>"; };
		3EFB3CA41B158B3F00107809 /* YKSCloseButton.h */ = {isa = PBXFileReference; fileEncoding = 4; lastKnownFileType = sourcecode.c.h; name = YKSCloseButton.h; path = Drug/YKSCloseButton.h; sourceTree = "<group>"; };
		3EFB3CA51B158B3F00107809 /* YKSCloseButton.m */ = {isa = PBXFileReference; fileEncoding = 4; lastKnownFileType = sourcecode.c.objc; name = YKSCloseButton.m; path = Drug/YKSCloseButton.m; sourceTree = "<group>"; };
		3EFFB6A51B25689600692CAA /* YueKangSong.entitlements */ = {isa = PBXFileReference; lastKnownFileType = text.xml; path = YueKangSong.entitlements; sourceTree = "<group>"; };
		3EFFB6A81B2568D500692CAA /* HealthKit.framework */ = {isa = PBXFileReference; lastKnownFileType = wrapper.framework; name = HealthKit.framework; path = System/Library/Frameworks/HealthKit.framework; sourceTree = SDKROOT; };
		3EFFB6AA1B25693800692CAA /* HealthKitUtils.h */ = {isa = PBXFileReference; fileEncoding = 4; lastKnownFileType = sourcecode.c.h; path = HealthKitUtils.h; sourceTree = "<group>"; };
		3EFFB6AB1B25693800692CAA /* HealthKitUtils.m */ = {isa = PBXFileReference; fileEncoding = 4; lastKnownFileType = sourcecode.c.objc; path = HealthKitUtils.m; sourceTree = "<group>"; };
		3EFFB7401B2860EF00692CAA /* YKSMyHealthViewController.h */ = {isa = PBXFileReference; fileEncoding = 4; lastKnownFileType = sourcecode.c.h; path = YKSMyHealthViewController.h; sourceTree = "<group>"; };
		3EFFB7411B2860EF00692CAA /* YKSMyHealthViewController.m */ = {isa = PBXFileReference; fileEncoding = 4; lastKnownFileType = sourcecode.c.objc; path = YKSMyHealthViewController.m; sourceTree = "<group>"; };
		81371BDC1B4A478500BFA4FD /* UIViewController+YKSArchive.h */ = {isa = PBXFileReference; fileEncoding = 4; lastKnownFileType = sourcecode.c.h; path = "UIViewController+YKSArchive.h"; sourceTree = "<group>"; };
		81371BDD1B4A478500BFA4FD /* UIViewController+YKSArchive.m */ = {isa = PBXFileReference; fileEncoding = 4; lastKnownFileType = sourcecode.c.objc; path = "UIViewController+YKSArchive.m"; sourceTree = "<group>"; };
		C5FC0ACFEA054E2AA0CACE28 /* Pods.release.xcconfig */ = {isa = PBXFileReference; includeInIndex = 1; lastKnownFileType = text.xcconfig; name = Pods.release.xcconfig; path = "Pods/Target Support Files/Pods/Pods.release.xcconfig"; sourceTree = "<group>"; };
		D69E6ED74E7E95007A91D6BA /* libPods.a */ = {isa = PBXFileReference; explicitFileType = archive.ar; includeInIndex = 0; path = libPods.a; sourceTree = BUILT_PRODUCTS_DIR; };
		F33862EB2FB44ED0BFE037C4 /* Pods.debug.xcconfig */ = {isa = PBXFileReference; includeInIndex = 1; lastKnownFileType = text.xcconfig; name = Pods.debug.xcconfig; path = "Pods/Target Support Files/Pods/Pods.debug.xcconfig"; sourceTree = "<group>"; };
		F365F48D1B7DE2F9009F3BFF /* LogOut.png */ = {isa = PBXFileReference; lastKnownFileType = image.png; path = LogOut.png; sourceTree = "<group>"; };
		F36DE0FF1B7B4573002225E4 /* dot_blue.png */ = {isa = PBXFileReference; lastKnownFileType = image.png; path = dot_blue.png; sourceTree = "<group>"; };
		F3D4B0B71B86B35400387F98 /* Foundation+Log.m */ = {isa = PBXFileReference; fileEncoding = 4; lastKnownFileType = sourcecode.c.objc; path = "Foundation+Log.m"; sourceTree = "<group>"; };
/* End PBXFileReference section */

/* Begin PBXFrameworksBuildPhase section */
		3E2A10E91B01F3BA00DE1E4C /* Frameworks */ = {
			isa = PBXFrameworksBuildPhase;
			buildActionMask = 2147483647;
			files = (
				1ED2C060D59F1070CB6AEE4D /* libPods.a in Frameworks */,
				3EFFB6A91B2568D500692CAA /* HealthKit.framework in Frameworks */,
			);
			runOnlyForDeploymentPostprocessing = 0;
		};
/* End PBXFrameworksBuildPhase section */

/* Begin PBXGroup section */
		3DC72E481EC24EC4F057911F /* Frameworks */ = {
			isa = PBXGroup;
			children = (
				3EFFB6A81B2568D500692CAA /* HealthKit.framework */,
				3EF6393A1B15AEAF00858F3E /* libz.dylib */,
				D69E6ED74E7E95007A91D6BA /* libPods.a */,
			);
			name = Frameworks;
			sourceTree = "<group>";
		};
		3E2705A41B022AC000FC6010 /* Home */ = {
			isa = PBXGroup;
			children = (
				3E2705A51B022AC000FC6010 /* QRCode */,
				3E89054E1B0390C100ACF5AD /* Views */,
				3E89053E1B033BEE00ACF5AD /* ViewController */,
			);
			path = Home;
			sourceTree = "<group>";
		};
		3E2705A51B022AC000FC6010 /* QRCode */ = {
			isa = PBXGroup;
			children = (
				3E2705A61B022AC000FC6010 /* QRView */,
				3E2705AA1B022AC000FC6010 /* YKSQRCodeViewController.h */,
				3E2705AB1B022AC000FC6010 /* YKSQRCodeViewController.m */,
			);
			path = QRCode;
			sourceTree = "<group>";
		};
		3E2705A61B022AC000FC6010 /* QRView */ = {
			isa = PBXGroup;
			children = (
				3E2705A71B022AC000FC6010 /* qr_scan_line@2x.png */,
				3E2705A81B022AC000FC6010 /* QRView.h */,
				3E2705A91B022AC000FC6010 /* QRView.m */,
			);
			path = QRView;
			sourceTree = "<group>";
		};
		3E2705BF1B02366B00FC6010 /* Model */ = {
			isa = PBXGroup;
			children = (
				3E8905451B03515C00ACF5AD /* YKSUserModel.h */,
				3E8905461B03515C00ACF5AD /* YKSUserModel.m */,
				3E8905481B03770F00ACF5AD /* YKSSpecial.h */,
				3E8905491B03770F00ACF5AD /* YKSSpecial.m */,
				3E9C45F81B04C65C009CAC1D /* YKSDrug.h */,
				3E9C45F91B04C65C009CAC1D /* YKSDrug.m */,
				3EA119D71B0B33170073949F /* YKSAreaManager.h */,
				3EA119D81B0B33170073949F /* YKSAreaManager.m */,
				3E2705CD1B02DBCE00FC6010 /* Request */,
			);
			path = Model;
			sourceTree = "<group>";
		};
		3E2705CD1B02DBCE00FC6010 /* Request */ = {
			isa = PBXGroup;
			children = (
				F3D4B0B71B86B35400387F98 /* Foundation+Log.m */,
				3E2705CE1B02DBCE00FC6010 /* GZBaseRequest.h */,
				3E2705CF1B02DBCE00FC6010 /* GZBaseRequest.m */,
				3E2705D01B02DBCE00FC6010 /* GZHTTPClient.h */,
				3E2705D11B02DBCE00FC6010 /* GZHTTPClient.m */,
			);
			path = Request;
			sourceTree = "<group>";
		};
		3E2A10E31B01F3BA00DE1E4C = {
			isa = PBXGroup;
			children = (
				3E2705B51B02308F00FC6010 /* PrefixHeader.pch */,
				3E2A10FC1B01F3BA00DE1E4C /* Images.xcassets */,
				3E2A10EE1B01F3BA00DE1E4C /* YueKangSong */,
				3E2A11081B01F3BA00DE1E4C /* YueKangSongTests */,
				3E2A10ED1B01F3BA00DE1E4C /* Products */,
				A8C8A75B36F48946DD4083FD /* Pods */,
				3DC72E481EC24EC4F057911F /* Frameworks */,
			);
			sourceTree = "<group>";
		};
		3E2A10ED1B01F3BA00DE1E4C /* Products */ = {
			isa = PBXGroup;
			children = (
				3E2A10EC1B01F3BA00DE1E4C /* YueKangSong.app */,
			);
			name = Products;
			sourceTree = "<group>";
		};
		3E2A10EE1B01F3BA00DE1E4C /* YueKangSong */ = {
			isa = PBXGroup;
			children = (
				3EFFB6A51B25689600692CAA /* YueKangSong.entitlements */,
				3E2A10F31B01F3BA00DE1E4C /* YKSAppDelegate.h */,
				3E2A10F41B01F3BA00DE1E4C /* YKSAppDelegate.m */,
				3E97BBA21B429F6000BA8C26 /* YKSWelcomeViewController.h */,
				3E97BBA31B429F6000BA8C26 /* YKSWelcomeViewController.m */,
				3EFFB6AA1B25693800692CAA /* HealthKitUtils.h */,
				3EFFB6AB1B25693800692CAA /* HealthKitUtils.m */,
				3E2705A11B02272B00FC6010 /* YKSTabBarViewController.h */,
				3E2705A21B02272B00FC6010 /* YKSTabBarViewController.m */,
				3E9C461C1B05E2EE009CAC1D /* Views */,
				3E9C46161B05C37A009CAC1D /* Login */,
				3E9C46021B058B84009CAC1D /* Utils */,
				3E2705BF1B02366B00FC6010 /* Model */,
				3E2705A41B022AC000FC6010 /* Home */,
				3E9C46201B06179C009CAC1D /* Drug */,
				3E9C46171B05CBB4009CAC1D /* My */,
				3E9C463E1B07257C009CAC1D /* ShoppingCart */,
				3E2A10F91B01F3BA00DE1E4C /* Main.storyboard */,
				3E2A10FE1B01F3BA00DE1E4C /* LaunchScreen.xib */,
				3E2A10EF1B01F3BA00DE1E4C /* Supporting Files */,
			);
			path = YueKangSong;
			sourceTree = "<group>";
		};
		3E2A10EF1B01F3BA00DE1E4C /* Supporting Files */ = {
			isa = PBXGroup;
			children = (
				3E2A10F01B01F3BA00DE1E4C /* Info.plist */,
				3E2A10F11B01F3BA00DE1E4C /* main.m */,
			);
			name = "Supporting Files";
			sourceTree = "<group>";
		};
		3E2A11081B01F3BA00DE1E4C /* YueKangSongTests */ = {
			isa = PBXGroup;
			children = (
				3E2A110B1B01F3BA00DE1E4C /* YueKangSongTests.m */,
				3E2A11091B01F3BA00DE1E4C /* Supporting Files */,
			);
			path = YueKangSongTests;
			sourceTree = "<group>";
		};
		3E2A11091B01F3BA00DE1E4C /* Supporting Files */ = {
			isa = PBXGroup;
			children = (
				3E2A110A1B01F3BA00DE1E4C /* Info.plist */,
			);
			name = "Supporting Files";
			sourceTree = "<group>";
		};
		3E89053E1B033BEE00ACF5AD /* ViewController */ = {
			isa = PBXGroup;
			children = (
				3E9C46241B0618C9009CAC1D /* YKSHomeTableViewController.h */,
				3E9C46251B0618C9009CAC1D /* YKSHomeTableViewController.m */,
				3ECFDFE11B1C69980014899F /* YKSWebViewController.h */,
				3ECFDFE21B1C69980014899F /* YKSWebViewController.m */,
				3E9C45EF1B046353009CAC1D /* YKSSubSpecialListTableViewController.h */,
				3E9C45F01B046353009CAC1D /* YKSSubSpecialListTableViewController.m */,
				3E9C45F51B047E95009CAC1D /* YKSDrugListViewController.h */,
				3E9C45F61B047E95009CAC1D /* YKSDrugListViewController.m */,
				3E958EBD1B1453CA00A18783 /* YKSSearchController.h */,
				3E958EBE1B1453CA00A18783 /* YKSSearchController.m */,
			);
			name = ViewController;
			sourceTree = "<group>";
		};
		3E89054E1B0390C100ACF5AD /* Views */ = {
			isa = PBXGroup;
			children = (
				3E89053F1B033C3100ACF5AD /* YKSSpecialView.h */,
				3E8905401B033C3100ACF5AD /* YKSSpecialView.m */,
				3E958EC01B145BA000A18783 /* YKSSearchBar.h */,
				3E958EC11B145BA000A18783 /* YKSSearchBar.m */,
				3E9C45F21B046635009CAC1D /* YKSSubSpecialCell.h */,
				3E9C45F31B046635009CAC1D /* YKSSubSpecialCell.m */,
				3E9C45FB1B04CE10009CAC1D /* YKSDrugListCell.h */,
				3E9C45FC1B04CE10009CAC1D /* YKSDrugListCell.m */,
				3E958EB51B135C2600A18783 /* YKSSelectAddressListCell.h */,
				3E958EB61B135C2600A18783 /* YKSSelectAddressListCell.m */,
				3E958EB71B135C2600A18783 /* YKSSelectAddressListCell.xib */,
				3E958E971B0ECD2300A18783 /* YKSSelectAddressView.h */,
				3E958E981B0ECD2300A18783 /* YKSSelectAddressView.m */,
				3EF639421B1702A500858F3E /* YKSHomeListCell.h */,
				3EF639431B1702A500858F3E /* YKSHomeListCell.m */,
				3E958E9A1B0ECDFE00A18783 /* YKSSelectAddressView.xib */,
			);
			name = Views;
			sourceTree = "<group>";
		};
		3E9C46021B058B84009CAC1D /* Utils */ = {
			isa = PBXGroup;
			children = (
				3E9C46031B058B84009CAC1D /* NSObject+Json.h */,
				3E9C46041B058B84009CAC1D /* NSObject+Json.m */,
				3E9C46051B058B84009CAC1D /* UIAlertView+Block.h */,
				3E9C46061B058B84009CAC1D /* UIAlertView+Block.m */,
				3E9C46071B058B84009CAC1D /* UIViewController+Common.h */,
				3E9C46081B058B84009CAC1D /* UIViewController+Common.m */,
				3E9C46091B058B84009CAC1D /* YKSConstants.h */,
				3E9C460A1B058B84009CAC1D /* YKSConstants.m */,
				3E9C460B1B058B84009CAC1D /* YKSTools.h */,
				3E9C460C1B058B84009CAC1D /* YKSTools.m */,
				3E9C460D1B058B84009CAC1D /* YKSUIConstants.h */,
			);
			path = Utils;
			sourceTree = "<group>";
		};
		3E9C46161B05C37A009CAC1D /* Login */ = {
			isa = PBXGroup;
			children = (
				3E9C46131B05C374009CAC1D /* YKSLoginViewController.h */,
				3E9C46141B05C374009CAC1D /* YKSLoginViewController.m */,
			);
			name = Login;
			sourceTree = "<group>";
		};
		3E9C46171B05CBB4009CAC1D /* My */ = {
			isa = PBXGroup;
			children = (
				3E9C46531B08399D009CAC1D /* ViewControllers */,
				3E9C465C1B08399D009CAC1D /* Views */,
			);
			path = My;
			sourceTree = "<group>";
		};
		3E9C461C1B05E2EE009CAC1D /* Views */ = {
			isa = PBXGroup;
			children = (
				3E9C461D1B05E33F009CAC1D /* TimeLineViewControl.h */,
				3E9C461E1B05E33F009CAC1D /* TimeLineViewControl.m */,
				3E9C462A1B061D8C009CAC1D /* YKSLineView.h */,
				3E9C462B1B061D8C009CAC1D /* YKSLineView.m */,
			);
			path = Views;
			sourceTree = "<group>";
		};
		3E9C46201B06179C009CAC1D /* Drug */ = {
			isa = PBXGroup;
			children = (
				3E9C46311B06D867009CAC1D /* views */,
				3E9C46301B06D85B009CAC1D /* ViewControllers */,
			);
			name = Drug;
			sourceTree = "<group>";
		};
		3E9C46301B06D85B009CAC1D /* ViewControllers */ = {
			isa = PBXGroup;
			children = (
				3E9C46271B06191E009CAC1D /* YKSDrugCategoryListVC.h */,
				3E9C46281B06191E009CAC1D /* YKSDrugCategoryListVC.m */,
				3E9C462D1B06CC5C009CAC1D /* YKSDrugDetailViewController.h */,
				3E9C462E1B06CC5C009CAC1D /* YKSDrugDetailViewController.m */,
				3EA119E61B0E0E510073949F /* YKSSingleBuyViewController.h */,
				3EA119E71B0E0E510073949F /* YKSSingleBuyViewController.m */,
				F36DE0FF1B7B4573002225E4 /* dot_blue.png */,
				F365F48D1B7DE2F9009F3BFF /* LogOut.png */,
			);
			name = ViewControllers;
			sourceTree = "<group>";
		};
		3E9C46311B06D867009CAC1D /* views */ = {
			isa = PBXGroup;
			children = (
				3E958EAC1B12C06C00A18783 /* YKSDrugCategoryListCell.h */,
				3E958EAD1B12C06C00A18783 /* YKSDrugCategoryListCell.m */,
				3E9C463B1B06E256009CAC1D /* YKSDrugInfoCell.h */,
				3E9C463C1B06E256009CAC1D /* YKSDrugInfoCell.m */,
				3EA119E91B0E0E920073949F /* YKSBuyCell.h */,
				3EA119EA1B0E0E920073949F /* YKSBuyCell.m */,
				3E958EA31B1169F300A18783 /* YKSOrderConfirmView.h */,
				3E958EA41B1169F300A18783 /* YKSOrderConfirmView.m */,
				3EFB3CA41B158B3F00107809 /* YKSCloseButton.h */,
				3EFB3CA51B158B3F00107809 /* YKSCloseButton.m */,
				3E958EA11B1169D500A18783 /* YKSOrderConfirmView.xib */,
			);
			name = views;
			sourceTree = "<group>";
		};
		3E9C463E1B07257C009CAC1D /* ShoppingCart */ = {
			isa = PBXGroup;
			children = (
				3E9C463F1B0725A6009CAC1D /* YKSShoppingCartVC.h */,
				3E9C46401B0725A6009CAC1D /* YKSShoppingCartVC.m */,
				3E958EA61B12B45F00A18783 /* YKSShoppingCartBuyVC.h */,
				3E958EA71B12B45F00A18783 /* YKSShoppingCartBuyVC.m */,
				3EA119DD1B0B74240073949F /* YKSShoppingCartListCell.h */,
				3EA119DE1B0B74240073949F /* YKSShoppingCartListCell.m */,
				3E958EA91B12B79800A18783 /* YKSShoppingCartBuyCell.h */,
				3E958EAA1B12B79800A18783 /* YKSShoppingCartBuyCell.m */,
				81371BDC1B4A478500BFA4FD /* UIViewController+YKSArchive.h */,
				81371BDD1B4A478500BFA4FD /* UIViewController+YKSArchive.m */,
			);
			name = ShoppingCart;
			sourceTree = "<group>";
		};
		3E9C46531B08399D009CAC1D /* ViewControllers */ = {
			isa = PBXGroup;
			children = (
				3E9C46581B08399D009CAC1D /* YKSMyViewController.h */,
				3E9C46591B08399D009CAC1D /* YKSMyViewController.m */,
				3E9C465A1B08399D009CAC1D /* YKSOrderViewController.h */,
				3E9C465B1B08399D009CAC1D /* YKSOrderViewController.m */,
				3EF639451B1805AD00858F3E /* YKSOrderDetailViewController.h */,
				3EF639461B1805AD00858F3E /* YKSOrderDetailViewController.m */,
				3E9C46641B083D33009CAC1D /* YKSMyCollectVC.h */,
				3E9C46651B083D33009CAC1D /* YKSMyCollectVC.m */,
				3E9C46561B08399D009CAC1D /* YKSCouponViewController.h */,
				3E9C46571B08399D009CAC1D /* YKSCouponViewController.m */,
				3E9C46541B08399D009CAC1D /* YKSAddressListViewController.h */,
				3E9C46551B08399D009CAC1D /* YKSAddressListViewController.m */,
				3E9C46671B083FE7009CAC1D /* YKSAddAddressVC.h */,
				3E9C46681B083FE7009CAC1D /* YKSAddAddressVC.m */,
				3E18E9E11B5F51E6008ACC2D /* YKSSearchStreetVC.h */,
				3E18E9E21B5F51E6008ACC2D /* YKSSearchStreetVC.m */,
				3EF6393F1B16EE1000858F3E /* YKSMyInfoDetailVC.h */,
				3EF639401B16EE1000858F3E /* YKSMyInfoDetailVC.m */,
				3E67566F1B1C267300CE946D /* YKSRegionViewController.h */,
				3E6756701B1C267300CE946D /* YKSRegionViewController.m */,
				3E6756691B1BEAF600CE946D /* YKSFeedbackViewController.h */,
				3E67566A1B1BEAF600CE946D /* YKSFeedbackViewController.m */,
				3E67566C1B1BEB0F00CE946D /* YKSAboutViewController.h */,
				3E67566D1B1BEB0F00CE946D /* YKSAboutViewController.m */,
				3E6756721B1C29B600CE946D /* YKSMsgTableViewController.h */,
				3E6756731B1C29B600CE946D /* YKSMsgTableViewController.m */,
				3EFFB7401B2860EF00692CAA /* YKSMyHealthViewController.h */,
				3EFFB7411B2860EF00692CAA /* YKSMyHealthViewController.m */,
			);
			path = ViewControllers;
			sourceTree = "<group>";
		};
		3E9C465C1B08399D009CAC1D /* Views */ = {
			isa = PBXGroup;
			children = (
				3E9C465D1B08399D009CAC1D /* YKSAddressListCell.h */,
				3E9C465E1B08399D009CAC1D /* YKSAddressListCell.m */,
				3EA119DA1B0B5D120073949F /* YKSAddressTextField.h */,
				3EA119DB1B0B5D120073949F /* YKSAddressTextField.m */,
				3E958EAF1B12E4AA00A18783 /* YKSOrderListCell.h */,
				3E958EB01B12E4AA00A18783 /* YKSOrderListCell.m */,
				3EF6393C1B15CF0300858F3E /* YKSCouponListCell.h */,
				3EF6393D1B15CF0300858F3E /* YKSCouponListCell.m */,
				3ECFDFE41B1C904E0014899F /* YKSSearchView.h */,
				3ECFDFE51B1C904E0014899F /* YKSSearchView.m */,
			);
			path = Views;
			sourceTree = "<group>";
		};
		A8C8A75B36F48946DD4083FD /* Pods */ = {
			isa = PBXGroup;
			children = (
				F33862EB2FB44ED0BFE037C4 /* Pods.debug.xcconfig */,
				C5FC0ACFEA054E2AA0CACE28 /* Pods.release.xcconfig */,
			);
			name = Pods;
			sourceTree = "<group>";
		};
/* End PBXGroup section */

/* Begin PBXNativeTarget section */
		3E2A10EB1B01F3BA00DE1E4C /* YueKangSong */ = {
			isa = PBXNativeTarget;
			buildConfigurationList = 3E2A110F1B01F3BA00DE1E4C /* Build configuration list for PBXNativeTarget "YueKangSong" */;
			buildPhases = (
				9CE128288C5E7E3253CA7220 /* Check Pods Manifest.lock */,
				3E2A10E81B01F3BA00DE1E4C /* Sources */,
				3E2A10E91B01F3BA00DE1E4C /* Frameworks */,
				3E2A10EA1B01F3BA00DE1E4C /* Resources */,
				F08972B4C60A79FF4920410D /* Copy Pods Resources */,
			);
			buildRules = (
			);
			dependencies = (
			);
			name = YueKangSong;
			productName = YueKangSong;
			productReference = 3E2A10EC1B01F3BA00DE1E4C /* YueKangSong.app */;
			productType = "com.apple.product-type.application";
		};
/* End PBXNativeTarget section */

/* Begin PBXProject section */
		3E2A10E41B01F3BA00DE1E4C /* Project object */ = {
			isa = PBXProject;
			attributes = {
				CLASSPREFIX = YKS;
				LastUpgradeCheck = 0630;
				ORGANIZATIONNAME = YKS;
				TargetAttributes = {
					3E2A10EB1B01F3BA00DE1E4C = {
						CreatedOnToolsVersion = 6.3.1;
						DevelopmentTeam = 9K4Z5S5F27;
						SystemCapabilities = {
							com.apple.HealthKit = {
								enabled = 1;
							};
							com.apple.HomeKit = {
								enabled = 0;
							};
						};
					};
				};
			};
			buildConfigurationList = 3E2A10E71B01F3BA00DE1E4C /* Build configuration list for PBXProject "YueKangSong" */;
			compatibilityVersion = "Xcode 3.2";
			developmentRegion = English;
			hasScannedForEncodings = 0;
			knownRegions = (
				en,
				Base,
			);
			mainGroup = 3E2A10E31B01F3BA00DE1E4C;
			productRefGroup = 3E2A10ED1B01F3BA00DE1E4C /* Products */;
			projectDirPath = "";
			projectRoot = "";
			targets = (
				3E2A10EB1B01F3BA00DE1E4C /* YueKangSong */,
			);
		};
/* End PBXProject section */

/* Begin PBXResourcesBuildPhase section */
		3E2A10EA1B01F3BA00DE1E4C /* Resources */ = {
			isa = PBXResourcesBuildPhase;
			buildActionMask = 2147483647;
			files = (
				3E2A10FB1B01F3BA00DE1E4C /* Main.storyboard in Resources */,
				F365F48E1B7DE2F9009F3BFF /* LogOut.png in Resources */,
				3E2A11001B01F3BA00DE1E4C /* LaunchScreen.xib in Resources */,
				3E958EA21B1169D500A18783 /* YKSOrderConfirmView.xib in Resources */,
				3E958EB91B135C2600A18783 /* YKSSelectAddressListCell.xib in Resources */,
				3E2705AC1B022AC000FC6010 /* qr_scan_line@2x.png in Resources */,
				F36DE1001B7B4573002225E4 /* dot_blue.png in Resources */,
				3E958E9B1B0ECDFE00A18783 /* YKSSelectAddressView.xib in Resources */,
				3E2A10FD1B01F3BA00DE1E4C /* Images.xcassets in Resources */,
			);
			runOnlyForDeploymentPostprocessing = 0;
		};
/* End PBXResourcesBuildPhase section */

/* Begin PBXShellScriptBuildPhase section */
		9CE128288C5E7E3253CA7220 /* Check Pods Manifest.lock */ = {
			isa = PBXShellScriptBuildPhase;
			buildActionMask = 2147483647;
			files = (
			);
			inputPaths = (
			);
			name = "Check Pods Manifest.lock";
			outputPaths = (
			);
			runOnlyForDeploymentPostprocessing = 0;
			shellPath = /bin/sh;
			shellScript = "diff \"${PODS_ROOT}/../Podfile.lock\" \"${PODS_ROOT}/Manifest.lock\" > /dev/null\nif [[ $? != 0 ]] ; then\n    cat << EOM\nerror: The sandbox is not in sync with the Podfile.lock. Run 'pod install' or update your CocoaPods installation.\nEOM\n    exit 1\nfi\n";
			showEnvVarsInLog = 0;
		};
		F08972B4C60A79FF4920410D /* Copy Pods Resources */ = {
			isa = PBXShellScriptBuildPhase;
			buildActionMask = 2147483647;
			files = (
			);
			inputPaths = (
			);
			name = "Copy Pods Resources";
			outputPaths = (
			);
			runOnlyForDeploymentPostprocessing = 0;
			shellPath = /bin/sh;
			shellScript = "\"${SRCROOT}/Pods/Target Support Files/Pods/Pods-resources.sh\"\n";
			showEnvVarsInLog = 0;
		};
/* End PBXShellScriptBuildPhase section */

/* Begin PBXSourcesBuildPhase section */
		3E2A10E81B01F3BA00DE1E4C /* Sources */ = {
			isa = PBXSourcesBuildPhase;
			buildActionMask = 2147483647;
			files = (
				3E9C46121B058B84009CAC1D /* YKSTools.m in Sources */,
				3E958EBF1B1453CA00A18783 /* YKSSearchController.m in Sources */,
				3E958EC21B145BA000A18783 /* YKSSearchBar.m in Sources */,
				3E9C465F1B08399D009CAC1D /* YKSAddressListViewController.m in Sources */,
				3E9C45F41B046635009CAC1D /* YKSSubSpecialCell.m in Sources */,
				F3D4B0B81B86B35400387F98 /* Foundation+Log.m in Sources */,
				3E9C46151B05C374009CAC1D /* YKSLoginViewController.m in Sources */,
				3EF639471B1805AD00858F3E /* YKSOrderDetailViewController.m in Sources */,
				3E9C46691B083FE7009CAC1D /* YKSAddAddressVC.m in Sources */,
				3E2705A31B02272B00FC6010 /* YKSTabBarViewController.m in Sources */,
				3EA119D91B0B33170073949F /* YKSAreaManager.m in Sources */,
				3E9C46621B08399D009CAC1D /* YKSOrderViewController.m in Sources */,
				3E9C46101B058B84009CAC1D /* UIViewController+Common.m in Sources */,
				3E9C46261B0618C9009CAC1D /* YKSHomeTableViewController.m in Sources */,
				3EF6393E1B15CF0300858F3E /* YKSCouponListCell.m in Sources */,
				3EFB3CA61B158B3F00107809 /* YKSCloseButton.m in Sources */,
				3E67566B1B1BEAF600CE946D /* YKSFeedbackViewController.m in Sources */,
				3E2705D71B02DBCE00FC6010 /* GZHTTPClient.m in Sources */,
				3E9C46411B0725A6009CAC1D /* YKSShoppingCartVC.m in Sources */,
				3E9C46111B058B84009CAC1D /* YKSConstants.m in Sources */,
				3E9C45FA1B04C65C009CAC1D /* YKSDrug.m in Sources */,
				3E67566E1B1BEB0F00CE946D /* YKSAboutViewController.m in Sources */,
				3EA119DC1B0B5D120073949F /* YKSAddressTextField.m in Sources */,
				3ECFDFE61B1C904E0014899F /* YKSSearchView.m in Sources */,
				3EA119E81B0E0E510073949F /* YKSSingleBuyViewController.m in Sources */,
				3E9C45FD1B04CE10009CAC1D /* YKSDrugListCell.m in Sources */,
				3E2A10F51B01F3BA00DE1E4C /* YKSAppDelegate.m in Sources */,
				3E9C46631B08399D009CAC1D /* YKSAddressListCell.m in Sources */,
				3ECFDFE31B1C69980014899F /* YKSWebViewController.m in Sources */,
				3E9C46291B06191E009CAC1D /* YKSDrugCategoryListVC.m in Sources */,
				3E6756741B1C29B600CE946D /* YKSMsgTableViewController.m in Sources */,
				3E2705D61B02DBCE00FC6010 /* GZBaseRequest.m in Sources */,
				3E958EA81B12B45F00A18783 /* YKSShoppingCartBuyVC.m in Sources */,
				3E8905411B033C3100ACF5AD /* YKSSpecialView.m in Sources */,
				3E2A10F21B01F3BA00DE1E4C /* main.m in Sources */,
				3EFFB6AC1B25693800692CAA /* HealthKitUtils.m in Sources */,
				3E9C463D1B06E256009CAC1D /* YKSDrugInfoCell.m in Sources */,
				3E958EAE1B12C06C00A18783 /* YKSDrugCategoryListCell.m in Sources */,
				3E18E9E31B5F51E6008ACC2D /* YKSSearchStreetVC.m in Sources */,
				3E8905471B03515C00ACF5AD /* YKSUserModel.m in Sources */,
				3EFFB7421B2860EF00692CAA /* YKSMyHealthViewController.m in Sources */,
				3E2705AE1B022AC000FC6010 /* YKSQRCodeViewController.m in Sources */,
				3EA119DF1B0B74240073949F /* YKSShoppingCartListCell.m in Sources */,
				3E89054A1B03770F00ACF5AD /* YKSSpecial.m in Sources */,
				3E9C460E1B058B84009CAC1D /* NSObject+Json.m in Sources */,
				3E9C461F1B05E33F009CAC1D /* TimeLineViewControl.m in Sources */,
				3E958EA51B1169F300A18783 /* YKSOrderConfirmView.m in Sources */,
				3E9C462F1B06CC5C009CAC1D /* YKSDrugDetailViewController.m in Sources */,
				3E97BBA41B429F6000BA8C26 /* YKSWelcomeViewController.m in Sources */,
				3E958EB11B12E4AA00A18783 /* YKSOrderListCell.m in Sources */,
				3EF639411B16EE1000858F3E /* YKSMyInfoDetailVC.m in Sources */,
				3E958E991B0ECD2300A18783 /* YKSSelectAddressView.m in Sources */,
				3EF639441B1702A500858F3E /* YKSHomeListCell.m in Sources */,
				3E6756711B1C267300CE946D /* YKSRegionViewController.m in Sources */,
				3E9C46601B08399D009CAC1D /* YKSCouponViewController.m in Sources */,
				3E9C46661B083D33009CAC1D /* YKSMyCollectVC.m in Sources */,
				3E2705AD1B022AC000FC6010 /* QRView.m in Sources */,
				3E9C460F1B058B84009CAC1D /* UIAlertView+Block.m in Sources */,
				3E9C462C1B061D8C009CAC1D /* YKSLineView.m in Sources */,
				81371BDE1B4A478500BFA4FD /* UIViewController+YKSArchive.m in Sources */,
				3E9C45F11B046353009CAC1D /* YKSSubSpecialListTableViewController.m in Sources */,
				3E958EAB1B12B79800A18783 /* YKSShoppingCartBuyCell.m in Sources */,
				3E9C45F71B047E95009CAC1D /* YKSDrugListViewController.m in Sources */,
				3EA119EB1B0E0E920073949F /* YKSBuyCell.m in Sources */,
				3E958EB81B135C2600A18783 /* YKSSelectAddressListCell.m in Sources */,
				3E9C46611B08399D009CAC1D /* YKSMyViewController.m in Sources */,
			);
			runOnlyForDeploymentPostprocessing = 0;
		};
/* End PBXSourcesBuildPhase section */

/* Begin PBXVariantGroup section */
		3E2A10F91B01F3BA00DE1E4C /* Main.storyboard */ = {
			isa = PBXVariantGroup;
			children = (
				3E2A10FA1B01F3BA00DE1E4C /* Base */,
			);
			name = Main.storyboard;
			sourceTree = "<group>";
		};
		3E2A10FE1B01F3BA00DE1E4C /* LaunchScreen.xib */ = {
			isa = PBXVariantGroup;
			children = (
				3E2A10FF1B01F3BA00DE1E4C /* Base */,
			);
			name = LaunchScreen.xib;
			sourceTree = "<group>";
		};
/* End PBXVariantGroup section */

/* Begin XCBuildConfiguration section */
		3E2A110D1B01F3BA00DE1E4C /* Debug */ = {
			isa = XCBuildConfiguration;
			buildSettings = {
				ALWAYS_SEARCH_USER_PATHS = NO;
				CLANG_CXX_LANGUAGE_STANDARD = "gnu++0x";
				CLANG_CXX_LIBRARY = "libc++";
				CLANG_ENABLE_MODULES = YES;
				CLANG_ENABLE_OBJC_ARC = YES;
				CLANG_WARN_BOOL_CONVERSION = YES;
				CLANG_WARN_CONSTANT_CONVERSION = YES;
				CLANG_WARN_DIRECT_OBJC_ISA_USAGE = YES_ERROR;
				CLANG_WARN_EMPTY_BODY = YES;
				CLANG_WARN_ENUM_CONVERSION = YES;
				CLANG_WARN_INT_CONVERSION = YES;
				CLANG_WARN_OBJC_ROOT_CLASS = YES_ERROR;
				CLANG_WARN_UNREACHABLE_CODE = YES;
				CLANG_WARN__DUPLICATE_METHOD_MATCH = YES;
				CODE_SIGN_IDENTITY = "iPhone Distribution: Yue Kang (9K4Z5S5F27)";
				"CODE_SIGN_IDENTITY[sdk=iphoneos*]" = "iPhone Distribution: Yue Kang (9K4Z5S5F27)";
				COPY_PHASE_STRIP = NO;
				DEBUG_INFORMATION_FORMAT = "dwarf-with-dsym";
				ENABLE_STRICT_OBJC_MSGSEND = YES;
				GCC_C_LANGUAGE_STANDARD = gnu99;
				GCC_DYNAMIC_NO_PIC = NO;
				GCC_NO_COMMON_BLOCKS = YES;
				GCC_OPTIMIZATION_LEVEL = 0;
				GCC_PRECOMPILE_PREFIX_HEADER = NO;
				GCC_PREFIX_HEADER = PrefixHeader.pch;
				GCC_PREPROCESSOR_DEFINITIONS = (
					"DEBUG=1",
					"$(inherited)",
				);
				GCC_SYMBOLS_PRIVATE_EXTERN = NO;
				GCC_WARN_64_TO_32_BIT_CONVERSION = YES;
				GCC_WARN_ABOUT_RETURN_TYPE = YES_ERROR;
				GCC_WARN_UNDECLARED_SELECTOR = YES;
				GCC_WARN_UNINITIALIZED_AUTOS = YES_AGGRESSIVE;
				GCC_WARN_UNUSED_FUNCTION = YES;
				GCC_WARN_UNUSED_VARIABLE = YES;
				IPHONEOS_DEPLOYMENT_TARGET = 7.0;
				MTL_ENABLE_DEBUG_INFO = YES;
				ONLY_ACTIVE_ARCH = YES;
				PROVISIONING_PROFILE = "35da221a-0a58-44a0-940b-f1d2d396faee";
				SDKROOT = iphoneos;
			};
			name = Debug;
		};
		3E2A110E1B01F3BA00DE1E4C /* Release */ = {
			isa = XCBuildConfiguration;
			buildSettings = {
				ALWAYS_SEARCH_USER_PATHS = NO;
				CLANG_CXX_LANGUAGE_STANDARD = "gnu++0x";
				CLANG_CXX_LIBRARY = "libc++";
				CLANG_ENABLE_MODULES = YES;
				CLANG_ENABLE_OBJC_ARC = YES;
				CLANG_WARN_BOOL_CONVERSION = YES;
				CLANG_WARN_CONSTANT_CONVERSION = YES;
				CLANG_WARN_DIRECT_OBJC_ISA_USAGE = YES_ERROR;
				CLANG_WARN_EMPTY_BODY = YES;
				CLANG_WARN_ENUM_CONVERSION = YES;
				CLANG_WARN_INT_CONVERSION = YES;
				CLANG_WARN_OBJC_ROOT_CLASS = YES_ERROR;
				CLANG_WARN_UNREACHABLE_CODE = YES;
				CLANG_WARN__DUPLICATE_METHOD_MATCH = YES;
				CODE_SIGN_IDENTITY = "iPhone Distribution: Yue Kang (9K4Z5S5F27)";
				"CODE_SIGN_IDENTITY[sdk=iphoneos*]" = "iPhone Distribution: Yue Kang (9K4Z5S5F27)";
				COPY_PHASE_STRIP = NO;
				DEBUG_INFORMATION_FORMAT = "dwarf-with-dsym";
				ENABLE_NS_ASSERTIONS = NO;
				ENABLE_STRICT_OBJC_MSGSEND = YES;
				GCC_C_LANGUAGE_STANDARD = gnu99;
				GCC_NO_COMMON_BLOCKS = YES;
				GCC_PRECOMPILE_PREFIX_HEADER = NO;
				GCC_PREFIX_HEADER = PrefixHeader.pch;
				GCC_WARN_64_TO_32_BIT_CONVERSION = YES;
				GCC_WARN_ABOUT_RETURN_TYPE = YES_ERROR;
				GCC_WARN_UNDECLARED_SELECTOR = YES;
				GCC_WARN_UNINITIALIZED_AUTOS = YES_AGGRESSIVE;
				GCC_WARN_UNUSED_FUNCTION = YES;
				GCC_WARN_UNUSED_VARIABLE = YES;
				IPHONEOS_DEPLOYMENT_TARGET = 7.0;
				MTL_ENABLE_DEBUG_INFO = NO;
				PROVISIONING_PROFILE = "35da221a-0a58-44a0-940b-f1d2d396faee";
				SDKROOT = iphoneos;
				VALIDATE_PRODUCT = YES;
			};
			name = Release;
		};
		3E2A11101B01F3BA00DE1E4C /* Debug */ = {
			isa = XCBuildConfiguration;
			baseConfigurationReference = F33862EB2FB44ED0BFE037C4 /* Pods.debug.xcconfig */;
			buildSettings = {
				ASSETCATALOG_COMPILER_APPICON_NAME = AppIcon;
				ASSETCATALOG_COMPILER_LAUNCHIMAGE_NAME = LaunchImage;
				CODE_SIGN_ENTITLEMENTS = "";
				CODE_SIGN_IDENTITY = "iPhone Distribution: Yue Kang (9K4Z5S5F27)";
				"CODE_SIGN_IDENTITY[sdk=iphoneos*]" = "iPhone Distribution: Yue Kang (9K4Z5S5F27)";
				GCC_INCREASE_PRECOMPILED_HEADER_SHARING = NO;
				GCC_PRECOMPILE_PREFIX_HEADER = NO;
				GCC_PREFIX_HEADER = PrefixHeader.pch;
				INFOPLIST_FILE = YueKangSong/Info.plist;
				IPHONEOS_DEPLOYMENT_TARGET = 7.0;
				LD_RUNPATH_SEARCH_PATHS = "$(inherited) @executable_path/Frameworks";
				PRODUCT_NAME = "$(TARGET_NAME)";
				PROVISIONING_PROFILE = "01e4c90f-3a8f-4e32-b52e-a76de2a3400b";
			};
			name = Debug;
		};
		3E2A11111B01F3BA00DE1E4C /* Release */ = {
			isa = XCBuildConfiguration;
			baseConfigurationReference = C5FC0ACFEA054E2AA0CACE28 /* Pods.release.xcconfig */;
			buildSettings = {
				ASSETCATALOG_COMPILER_APPICON_NAME = AppIcon;
				ASSETCATALOG_COMPILER_LAUNCHIMAGE_NAME = LaunchImage;
				CODE_SIGN_ENTITLEMENTS = "";
				CODE_SIGN_IDENTITY = "iPhone Distribution: Yue Kang (9K4Z5S5F27)";
				"CODE_SIGN_IDENTITY[sdk=iphoneos*]" = "iPhone Distribution: Yue Kang (9K4Z5S5F27)";
				GCC_INCREASE_PRECOMPILED_HEADER_SHARING = NO;
				GCC_PRECOMPILE_PREFIX_HEADER = NO;
				GCC_PREFIX_HEADER = PrefixHeader.pch;
				INFOPLIST_FILE = YueKangSong/Info.plist;
				IPHONEOS_DEPLOYMENT_TARGET = 7.0;
				LD_RUNPATH_SEARCH_PATHS = "$(inherited) @executable_path/Frameworks";
				PRODUCT_NAME = "$(TARGET_NAME)";
				PROVISIONING_PROFILE = "01e4c90f-3a8f-4e32-b52e-a76de2a3400b";
			};
			name = Release;
		};
/* End XCBuildConfiguration section */

/* Begin XCConfigurationList section */
		3E2A10E71B01F3BA00DE1E4C /* Build configuration list for PBXProject "YueKangSong" */ = {
			isa = XCConfigurationList;
			buildConfigurations = (
				3E2A110D1B01F3BA00DE1E4C /* Debug */,
				3E2A110E1B01F3BA00DE1E4C /* Release */,
			);
			defaultConfigurationIsVisible = 0;
			defaultConfigurationName = Release;
		};
		3E2A110F1B01F3BA00DE1E4C /* Build configuration list for PBXNativeTarget "YueKangSong" */ = {
			isa = XCConfigurationList;
			buildConfigurations = (
				3E2A11101B01F3BA00DE1E4C /* Debug */,
				3E2A11111B01F3BA00DE1E4C /* Release */,
			);
			defaultConfigurationIsVisible = 0;
			defaultConfigurationName = Release;
		};
/* End XCConfigurationList section */
	};
	rootObject = 3E2A10E41B01F3BA00DE1E4C /* Project object */;
}
